
Microsoft Visual Studio Solution File, Format Version 12.00
# Visual Studio 15
VisualStudioVersion = 15.0.28307.438
MinimumVisualStudioVersion = 10.0.40219.1
Project("{8BC9CEB8-8B4A-11D0-8D11-00A0C91BC942}") = "Game", "Game\Game.vcxproj", "{4A24C47B-F692-4038-BF53-A4C4F39F2F9F}"
EndProject
Global
	GlobalSection(SolutionConfigurationPlatforms) = preSolution
		Debug|x64 = Debug|x64
		Debug|x86 = Debug|x86
		Release|x64 = Release|x64
		Release|x86 = Release|x86
	EndGlobalSection
	GlobalSection(ProjectConfigurationPlatforms) = postSolution
		{4A24C47B-F692-4038-BF53-A4C4F39F2F9F}.Debug|x64.ActiveCfg = Debug|x64
		{4A24C47B-F692-4038-BF53-A4C4F39F2F9F}.Debug|x64.Build.0 = Debug|x64
		{4A24C47B-F692-4038-BF53-A4C4F39F2F9F}.Debug|x86.ActiveCfg = Debug|Win32
		{4A24C47B-F692-4038-BF53-A4C4F39F2F9F}.Debug|x86.Build.0 = Debug|Win32
		{4A24C47B-F692-4038-BF53-A4C4F39F2F9F}.Release|x64.ActiveCfg = Release|x64
		{4A24C47B-F692-4038-BF53-A4C4F39F2F9F}.Release|x64.Build.0 = Release|x64
		{4A24C47B-F692-4038-BF53-A4C4F39F2F9F}.Release|x86.ActiveCfg = Release|Win32
		{4A24C47B-F692-4038-BF53-A4C4F39F2F9F}.Release|x86.Build.0 = Release|Win32
	EndGlobalSection
	GlobalSection(SolutionProperties) = preSolution
		HideSolutionNode = FALSE
	EndGlobalSection
	GlobalSection(ExtensibilityGlobals) = postSolution
		SolutionGuid = {5A3BEA9A-A81C-4858-B5AF-9F24DD0A3C53}
	EndGlobalSection
EndGlobal
